
Microsoft Visual Studio Solution File, Format Version 12.00
# Visual Studio 15
VisualStudioVersion = 15.0.28307.1082
MinimumVisualStudioVersion = 10.0.40219.1
Project("{9A19103F-16F7-4668-BE54-9A1E7A4F7556}") = "GymManagementSystem", "GymManagementSystem\GymManagementSystem.csproj", "{892A14D4-A492-4A1A-9E10-65555383452E}"
EndProject
Global
	GlobalSection(SolutionConfigurationPlatforms) = preSolution
		Debug|Any CPU = Debug|Any CPU
		Release|Any CPU = Release|Any CPU
	EndGlobalSection
	GlobalSection(ProjectConfigurationPlatforms) = postSolution
		{892A14D4-A492-4A1A-9E10-65555383452E}.Debug|Any CPU.ActiveCfg = Debug|Any CPU
		{892A14D4-A492-4A1A-9E10-65555383452E}.Debug|Any CPU.Build.0 = Debug|Any CPU
		{892A14D4-A492-4A1A-9E10-65555383452E}.Release|Any CPU.ActiveCfg = Release|Any CPU
		{892A14D4-A492-4A1A-9E10-65555383452E}.Release|Any CPU.Build.0 = Release|Any CPU
	EndGlobalSection
	GlobalSection(SolutionProperties) = preSolution
		HideSolutionNode = FALSE
	EndGlobalSection
	GlobalSection(ExtensibilityGlobals) = postSolution
		SolutionGuid = {D0DA00B4-5B0A-47DF-BE5F-95DDF8747A25}
	EndGlobalSection
EndGlobal
